
Microsoft Visual Studio Solution File, Format Version 12.00
# Visual Studio Version 16
VisualStudioVersion = 16.0.30406.217
MinimumVisualStudioVersion = 10.0.40219.1
Project("{8BC9CEB8-8B4A-11D0-8D11-00A0C91BC942}") = "FwLib", "FwLib\FwLib.vcxproj", "{B4472D08-87F6-4CD5-96D6-1C41875F1891}"
EndProject
Project("{8BC9CEB8-8B4A-11D0-8D11-00A0C91BC942}") = "FwLibUnitTest", "FwLibUnitTest\FwLibUnitTest.vcxproj", "{1E1317E3-E4B6-4D41-9997-C76827D1FC21}"
	ProjectSection(ProjectDependencies) = postProject
		{B4472D08-87F6-4CD5-96D6-1C41875F1891} = {B4472D08-87F6-4CD5-96D6-1C41875F1891}
	EndProjectSection
EndProject
Project("{FAE04EC0-301F-11D3-BF4B-00C04F79EFBC}") = "FwLib.Net", "FwLib.Net\FwLib.Net.csproj", "{7174AAC3-EB9A-407A-8D4E-9849AB2B85F8}"
EndProject
Project("{FAE04EC0-301F-11D3-BF4B-00C04F79EFBC}") = "FwLib.NetUnitTest", "FwLib.NetUnitTest\FwLib.NetUnitTest.csproj", "{835266B7-2700-4FB8-AFC2-33F4F03CE580}"
EndProject
Project("{FAE04EC0-301F-11D3-BF4B-00C04F79EFBC}") = "FwLib.NetWpfApp", "FwLib.NetWpfApp\FwLib.NetWpfApp.csproj", "{3356570C-24F8-4AD4-ADC3-A88D4D659B03}"
EndProject
Global
	GlobalSection(SolutionConfigurationPlatforms) = preSolution
		Debug|Any CPU = Debug|Any CPU
		Debug|x64 = Debug|x64
		Debug|x86 = Debug|x86
		Release|Any CPU = Release|Any CPU
		Release|x64 = Release|x64
		Release|x86 = Release|x86
	EndGlobalSection
	GlobalSection(ProjectConfigurationPlatforms) = postSolution
		{B4472D08-87F6-4CD5-96D6-1C41875F1891}.Debug|Any CPU.ActiveCfg = Debug|Win32
		{B4472D08-87F6-4CD5-96D6-1C41875F1891}.Debug|x64.ActiveCfg = Debug|x64
		{B4472D08-87F6-4CD5-96D6-1C41875F1891}.Debug|x64.Build.0 = Debug|x64
		{B4472D08-87F6-4CD5-96D6-1C41875F1891}.Debug|x86.ActiveCfg = Debug|Win32
		{B4472D08-87F6-4CD5-96D6-1C41875F1891}.Debug|x86.Build.0 = Debug|Win32
		{B4472D08-87F6-4CD5-96D6-1C41875F1891}.Release|Any CPU.ActiveCfg = Release|Win32
		{B4472D08-87F6-4CD5-96D6-1C41875F1891}.Release|x64.ActiveCfg = Release|x64
		{B4472D08-87F6-4CD5-96D6-1C41875F1891}.Release|x64.Build.0 = Release|x64
		{B4472D08-87F6-4CD5-96D6-1C41875F1891}.Release|x86.ActiveCfg = Release|Win32
		{B4472D08-87F6-4CD5-96D6-1C41875F1891}.Release|x86.Build.0 = Release|Win32
		{1E1317E3-E4B6-4D41-9997-C76827D1FC21}.Debug|Any CPU.ActiveCfg = Debug|Win32
		{1E1317E3-E4B6-4D41-9997-C76827D1FC21}.Debug|x64.ActiveCfg = Debug|x64
		{1E1317E3-E4B6-4D41-9997-C76827D1FC21}.Debug|x64.Build.0 = Debug|x64
		{1E1317E3-E4B6-4D41-9997-C76827D1FC21}.Debug|x86.ActiveCfg = Debug|Win32
		{1E1317E3-E4B6-4D41-9997-C76827D1FC21}.Debug|x86.Build.0 = Debug|Win32
		{1E1317E3-E4B6-4D41-9997-C76827D1FC21}.Release|Any CPU.ActiveCfg = Release|Win32
		{1E1317E3-E4B6-4D41-9997-C76827D1FC21}.Release|x64.ActiveCfg = Release|x64
		{1E1317E3-E4B6-4D41-9997-C76827D1FC21}.Release|x64.Build.0 = Release|x64
		{1E1317E3-E4B6-4D41-9997-C76827D1FC21}.Release|x86.ActiveCfg = Release|Win32
		{1E1317E3-E4B6-4D41-9997-C76827D1FC21}.Release|x86.Build.0 = Release|Win32
		{7174AAC3-EB9A-407A-8D4E-9849AB2B85F8}.Debug|Any CPU.ActiveCfg = Debug|Any CPU
		{7174AAC3-EB9A-407A-8D4E-9849AB2B85F8}.Debug|Any CPU.Build.0 = Debug|Any CPU
		{7174AAC3-EB9A-407A-8D4E-9849AB2B85F8}.Debug|x64.ActiveCfg = Debug|Any CPU
		{7174AAC3-EB9A-407A-8D4E-9849AB2B85F8}.Debug|x64.Build.0 = Debug|Any CPU
		{7174AAC3-EB9A-407A-8D4E-9849AB2B85F8}.Debug|x86.ActiveCfg = Debug|Any CPU
		{7174AAC3-EB9A-407A-8D4E-9849AB2B85F8}.Debug|x86.Build.0 = Debug|Any CPU
		{7174AAC3-EB9A-407A-8D4E-9849AB2B85F8}.Release|Any CPU.ActiveCfg = Release|Any CPU
		{7174AAC3-EB9A-407A-8D4E-9849AB2B85F8}.Release|Any CPU.Build.0 = Release|Any CPU
		{7174AAC3-EB9A-407A-8D4E-9849AB2B85F8}.Release|x64.ActiveCfg = Release|Any CPU
		{7174AAC3-EB9A-407A-8D4E-9849AB2B85F8}.Release|x64.Build.0 = Release|Any CPU
		{7174AAC3-EB9A-407A-8D4E-9849AB2B85F8}.Release|x86.ActiveCfg = Release|Any CPU
		{7174AAC3-EB9A-407A-8D4E-9849AB2B85F8}.Release|x86.Build.0 = Release|Any CPU
		{835266B7-2700-4FB8-AFC2-33F4F03CE580}.Debug|Any CPU.ActiveCfg = Debug|Any CPU
		{835266B7-2700-4FB8-AFC2-33F4F03CE580}.Debug|Any CPU.Build.0 = Debug|Any CPU
		{835266B7-2700-4FB8-AFC2-33F4F03CE580}.Debug|x64.ActiveCfg = Debug|Any CPU
		{835266B7-2700-4FB8-AFC2-33F4F03CE580}.Debug|x64.Build.0 = Debug|Any CPU
		{835266B7-2700-4FB8-AFC2-33F4F03CE580}.Debug|x86.ActiveCfg = Debug|Any CPU
		{835266B7-2700-4FB8-AFC2-33F4F03CE580}.Debug|x86.Build.0 = Debug|Any CPU
		{835266B7-2700-4FB8-AFC2-33F4F03CE580}.Release|Any CPU.ActiveCfg = Release|Any CPU
		{835266B7-2700-4FB8-AFC2-33F4F03CE580}.Release|Any CPU.Build.0 = Release|Any CPU
		{835266B7-2700-4FB8-AFC2-33F4F03CE580}.Release|x64.ActiveCfg = Release|Any CPU
		{835266B7-2700-4FB8-AFC2-33F4F03CE580}.Release|x64.Build.0 = Release|Any CPU
		{835266B7-2700-4FB8-AFC2-33F4F03CE580}.Release|x86.ActiveCfg = Release|Any CPU
		{835266B7-2700-4FB8-AFC2-33F4F03CE580}.Release|x86.Build.0 = Release|Any CPU
		{3356570C-24F8-4AD4-ADC3-A88D4D659B03}.Debug|Any CPU.ActiveCfg = Debug|Any CPU
		{3356570C-24F8-4AD4-ADC3-A88D4D659B03}.Debug|Any CPU.Build.0 = Debug|Any CPU
		{3356570C-24F8-4AD4-ADC3-A88D4D659B03}.Debug|x64.ActiveCfg = Debug|Any CPU
		{3356570C-24F8-4AD4-ADC3-A88D4D659B03}.Debug|x64.Build.0 = Debug|Any CPU
		{3356570C-24F8-4AD4-ADC3-A88D4D659B03}.Debug|x86.ActiveCfg = Debug|Any CPU
		{3356570C-24F8-4AD4-ADC3-A88D4D659B03}.Debug|x86.Build.0 = Debug|Any CPU
		{3356570C-24F8-4AD4-ADC3-A88D4D659B03}.Release|Any CPU.ActiveCfg = Release|Any CPU
		{3356570C-24F8-4AD4-ADC3-A88D4D659B03}.Release|Any CPU.Build.0 = Release|Any CPU
		{3356570C-24F8-4AD4-ADC3-A88D4D659B03}.Release|x64.ActiveCfg = Release|Any CPU
		{3356570C-24F8-4AD4-ADC3-A88D4D659B03}.Release|x64.Build.0 = Release|Any CPU
		{3356570C-24F8-4AD4-ADC3-A88D4D659B03}.Release|x86.ActiveCfg = Release|Any CPU
		{3356570C-24F8-4AD4-ADC3-A88D4D659B03}.Release|x86.Build.0 = Release|Any CPU
	EndGlobalSection
	GlobalSection(SolutionProperties) = preSolution
		HideSolutionNode = FALSE
	EndGlobalSection
	GlobalSection(ExtensibilityGlobals) = postSolution
		SolutionGuid = {0D66CD27-7F95-4D67-8BF0-A3C22D0389B0}
	EndGlobalSection
EndGlobal
