
Microsoft Visual Studio Solution File, Format Version 12.00
# Visual Studio Version 16
VisualStudioVersion = 16.0.30406.217
MinimumVisualStudioVersion = 10.0.40219.1
Project("{9A19103F-16F7-4668-BE54-9A1E7A4F7556}") = "FwLib.NetWpfApp", "FwLib.NetWpfApp\FwLib.NetWpfApp.csproj", "{3356570C-24F8-4AD4-ADC3-A88D4D659B03}"
	ProjectSection(ProjectDependencies) = postProject
		{A394F91C-984D-4940-946C-FFEF315D05D5} = {A394F91C-984D-4940-946C-FFEF315D05D5}
	EndProjectSection
EndProject
Project("{8BC9CEB8-8B4A-11D0-8D11-00A0C91BC942}") = "fl", "fl\fl.vcxproj", "{F37DFC0B-5C0D-404C-9BB2-0A9E4CDFA86F}"
EndProject
Project("{9A19103F-16F7-4668-BE54-9A1E7A4F7556}") = "Fl.Net", "Fl.Net\Fl.Net.csproj", "{A394F91C-984D-4940-946C-FFEF315D05D5}"
EndProject
Project("{8BC9CEB8-8B4A-11D0-8D11-00A0C91BC942}") = "fl_unittest", "fl_unittest\fl_unittest.vcxproj", "{F45ED990-37E0-4D1F-A277-4C3CB7D4853F}"
EndProject
Project("{8BC9CEB8-8B4A-11D0-8D11-00A0C91BC942}") = "device_simul_console_app", "device_simul_console_app\device_simul_console_app.vcxproj", "{E2327C80-E1A8-4042-B25E-10939F8F5ED2}"
EndProject
Project("{8BC9CEB8-8B4A-11D0-8D11-00A0C91BC942}") = "app_common", "app_common\app_common.vcxproj", "{52AFEA79-2A6E-48C2-97D1-C8F57F1CD87E}"
EndProject
Project("{9A19103F-16F7-4668-BE54-9A1E7A4F7556}") = "AppCommon.Net", "AppCommon.Net\AppCommon.Net.csproj", "{999BB1D2-A94E-46B4-9F05-A85AF91F80BC}"
EndProject
Project("{9A19103F-16F7-4668-BE54-9A1E7A4F7556}") = "HostSimulConsoleApp", "HostSimulConsoleApp\HostSimulConsoleApp.csproj", "{66D9B8EB-1E53-43C8-B9AA-A7B0DE27F6AA}"
EndProject
Project("{9A19103F-16F7-4668-BE54-9A1E7A4F7556}") = "Fw.Net", "Fw.Net\Fw.Net.csproj", "{CD67B8C9-AD83-4454-AA7D-9108674D2F98}"
EndProject
Project("{9A19103F-16F7-4668-BE54-9A1E7A4F7556}") = "Fl.NetUnitTest", "Fl.NetUnitTest\Fl.NetUnitTest.csproj", "{3797F922-489B-4168-9D2D-A66986773090}"
EndProject
Global
	GlobalSection(SolutionConfigurationPlatforms) = preSolution
		Debug|Any CPU = Debug|Any CPU
		Debug|x64 = Debug|x64
		Debug|x86 = Debug|x86
		Release|Any CPU = Release|Any CPU
		Release|x64 = Release|x64
		Release|x86 = Release|x86
	EndGlobalSection
	GlobalSection(ProjectConfigurationPlatforms) = postSolution
		{3356570C-24F8-4AD4-ADC3-A88D4D659B03}.Debug|Any CPU.ActiveCfg = Debug|Any CPU
		{3356570C-24F8-4AD4-ADC3-A88D4D659B03}.Debug|Any CPU.Build.0 = Debug|Any CPU
		{3356570C-24F8-4AD4-ADC3-A88D4D659B03}.Debug|x64.ActiveCfg = Debug|Any CPU
		{3356570C-24F8-4AD4-ADC3-A88D4D659B03}.Debug|x64.Build.0 = Debug|Any CPU
		{3356570C-24F8-4AD4-ADC3-A88D4D659B03}.Debug|x86.ActiveCfg = Debug|Any CPU
		{3356570C-24F8-4AD4-ADC3-A88D4D659B03}.Debug|x86.Build.0 = Debug|Any CPU
		{3356570C-24F8-4AD4-ADC3-A88D4D659B03}.Release|Any CPU.ActiveCfg = Release|Any CPU
		{3356570C-24F8-4AD4-ADC3-A88D4D659B03}.Release|Any CPU.Build.0 = Release|Any CPU
		{3356570C-24F8-4AD4-ADC3-A88D4D659B03}.Release|x64.ActiveCfg = Release|Any CPU
		{3356570C-24F8-4AD4-ADC3-A88D4D659B03}.Release|x64.Build.0 = Release|Any CPU
		{3356570C-24F8-4AD4-ADC3-A88D4D659B03}.Release|x86.ActiveCfg = Release|Any CPU
		{3356570C-24F8-4AD4-ADC3-A88D4D659B03}.Release|x86.Build.0 = Release|Any CPU
		{F37DFC0B-5C0D-404C-9BB2-0A9E4CDFA86F}.Debug|Any CPU.ActiveCfg = Debug|Win32
		{F37DFC0B-5C0D-404C-9BB2-0A9E4CDFA86F}.Debug|x64.ActiveCfg = Debug|x64
		{F37DFC0B-5C0D-404C-9BB2-0A9E4CDFA86F}.Debug|x64.Build.0 = Debug|x64
		{F37DFC0B-5C0D-404C-9BB2-0A9E4CDFA86F}.Debug|x86.ActiveCfg = Debug|Win32
		{F37DFC0B-5C0D-404C-9BB2-0A9E4CDFA86F}.Debug|x86.Build.0 = Debug|Win32
		{F37DFC0B-5C0D-404C-9BB2-0A9E4CDFA86F}.Release|Any CPU.ActiveCfg = Release|Win32
		{F37DFC0B-5C0D-404C-9BB2-0A9E4CDFA86F}.Release|x64.ActiveCfg = Release|x64
		{F37DFC0B-5C0D-404C-9BB2-0A9E4CDFA86F}.Release|x64.Build.0 = Release|x64
		{F37DFC0B-5C0D-404C-9BB2-0A9E4CDFA86F}.Release|x86.ActiveCfg = Release|Win32
		{F37DFC0B-5C0D-404C-9BB2-0A9E4CDFA86F}.Release|x86.Build.0 = Release|Win32
		{A394F91C-984D-4940-946C-FFEF315D05D5}.Debug|Any CPU.ActiveCfg = Debug|Any CPU
		{A394F91C-984D-4940-946C-FFEF315D05D5}.Debug|Any CPU.Build.0 = Debug|Any CPU
		{A394F91C-984D-4940-946C-FFEF315D05D5}.Debug|x64.ActiveCfg = Debug|Any CPU
		{A394F91C-984D-4940-946C-FFEF315D05D5}.Debug|x64.Build.0 = Debug|Any CPU
		{A394F91C-984D-4940-946C-FFEF315D05D5}.Debug|x86.ActiveCfg = Debug|Any CPU
		{A394F91C-984D-4940-946C-FFEF315D05D5}.Debug|x86.Build.0 = Debug|Any CPU
		{A394F91C-984D-4940-946C-FFEF315D05D5}.Release|Any CPU.ActiveCfg = Release|Any CPU
		{A394F91C-984D-4940-946C-FFEF315D05D5}.Release|Any CPU.Build.0 = Release|Any CPU
		{A394F91C-984D-4940-946C-FFEF315D05D5}.Release|x64.ActiveCfg = Release|Any CPU
		{A394F91C-984D-4940-946C-FFEF315D05D5}.Release|x64.Build.0 = Release|Any CPU
		{A394F91C-984D-4940-946C-FFEF315D05D5}.Release|x86.ActiveCfg = Release|Any CPU
		{A394F91C-984D-4940-946C-FFEF315D05D5}.Release|x86.Build.0 = Release|Any CPU
		{F45ED990-37E0-4D1F-A277-4C3CB7D4853F}.Debug|Any CPU.ActiveCfg = Debug|Win32
		{F45ED990-37E0-4D1F-A277-4C3CB7D4853F}.Debug|x64.ActiveCfg = Debug|x64
		{F45ED990-37E0-4D1F-A277-4C3CB7D4853F}.Debug|x64.Build.0 = Debug|x64
		{F45ED990-37E0-4D1F-A277-4C3CB7D4853F}.Debug|x86.ActiveCfg = Debug|Win32
		{F45ED990-37E0-4D1F-A277-4C3CB7D4853F}.Debug|x86.Build.0 = Debug|Win32
		{F45ED990-37E0-4D1F-A277-4C3CB7D4853F}.Release|Any CPU.ActiveCfg = Release|Win32
		{F45ED990-37E0-4D1F-A277-4C3CB7D4853F}.Release|x64.ActiveCfg = Release|x64
		{F45ED990-37E0-4D1F-A277-4C3CB7D4853F}.Release|x64.Build.0 = Release|x64
		{F45ED990-37E0-4D1F-A277-4C3CB7D4853F}.Release|x86.ActiveCfg = Release|Win32
		{F45ED990-37E0-4D1F-A277-4C3CB7D4853F}.Release|x86.Build.0 = Release|Win32
		{E2327C80-E1A8-4042-B25E-10939F8F5ED2}.Debug|Any CPU.ActiveCfg = Debug|Win32
		{E2327C80-E1A8-4042-B25E-10939F8F5ED2}.Debug|x64.ActiveCfg = Debug|x64
		{E2327C80-E1A8-4042-B25E-10939F8F5ED2}.Debug|x64.Build.0 = Debug|x64
		{E2327C80-E1A8-4042-B25E-10939F8F5ED2}.Debug|x86.ActiveCfg = Debug|Win32
		{E2327C80-E1A8-4042-B25E-10939F8F5ED2}.Debug|x86.Build.0 = Debug|Win32
		{E2327C80-E1A8-4042-B25E-10939F8F5ED2}.Release|Any CPU.ActiveCfg = Release|Win32
		{E2327C80-E1A8-4042-B25E-10939F8F5ED2}.Release|x64.ActiveCfg = Release|x64
		{E2327C80-E1A8-4042-B25E-10939F8F5ED2}.Release|x64.Build.0 = Release|x64
		{E2327C80-E1A8-4042-B25E-10939F8F5ED2}.Release|x86.ActiveCfg = Release|Win32
		{E2327C80-E1A8-4042-B25E-10939F8F5ED2}.Release|x86.Build.0 = Release|Win32
		{52AFEA79-2A6E-48C2-97D1-C8F57F1CD87E}.Debug|Any CPU.ActiveCfg = Debug|Win32
		{52AFEA79-2A6E-48C2-97D1-C8F57F1CD87E}.Debug|x64.ActiveCfg = Debug|x64
		{52AFEA79-2A6E-48C2-97D1-C8F57F1CD87E}.Debug|x64.Build.0 = Debug|x64
		{52AFEA79-2A6E-48C2-97D1-C8F57F1CD87E}.Debug|x86.ActiveCfg = Debug|Win32
		{52AFEA79-2A6E-48C2-97D1-C8F57F1CD87E}.Debug|x86.Build.0 = Debug|Win32
		{52AFEA79-2A6E-48C2-97D1-C8F57F1CD87E}.Release|Any CPU.ActiveCfg = Release|Win32
		{52AFEA79-2A6E-48C2-97D1-C8F57F1CD87E}.Release|x64.ActiveCfg = Release|x64
		{52AFEA79-2A6E-48C2-97D1-C8F57F1CD87E}.Release|x64.Build.0 = Release|x64
		{52AFEA79-2A6E-48C2-97D1-C8F57F1CD87E}.Release|x86.ActiveCfg = Release|Win32
		{52AFEA79-2A6E-48C2-97D1-C8F57F1CD87E}.Release|x86.Build.0 = Release|Win32
		{999BB1D2-A94E-46B4-9F05-A85AF91F80BC}.Debug|Any CPU.ActiveCfg = Debug|Any CPU
		{999BB1D2-A94E-46B4-9F05-A85AF91F80BC}.Debug|Any CPU.Build.0 = Debug|Any CPU
		{999BB1D2-A94E-46B4-9F05-A85AF91F80BC}.Debug|x64.ActiveCfg = Debug|Any CPU
		{999BB1D2-A94E-46B4-9F05-A85AF91F80BC}.Debug|x64.Build.0 = Debug|Any CPU
		{999BB1D2-A94E-46B4-9F05-A85AF91F80BC}.Debug|x86.ActiveCfg = Debug|Any CPU
		{999BB1D2-A94E-46B4-9F05-A85AF91F80BC}.Debug|x86.Build.0 = Debug|Any CPU
		{999BB1D2-A94E-46B4-9F05-A85AF91F80BC}.Release|Any CPU.ActiveCfg = Release|Any CPU
		{999BB1D2-A94E-46B4-9F05-A85AF91F80BC}.Release|Any CPU.Build.0 = Release|Any CPU
		{999BB1D2-A94E-46B4-9F05-A85AF91F80BC}.Release|x64.ActiveCfg = Release|Any CPU
		{999BB1D2-A94E-46B4-9F05-A85AF91F80BC}.Release|x64.Build.0 = Release|Any CPU
		{999BB1D2-A94E-46B4-9F05-A85AF91F80BC}.Release|x86.ActiveCfg = Release|Any CPU
		{999BB1D2-A94E-46B4-9F05-A85AF91F80BC}.Release|x86.Build.0 = Release|Any CPU
		{66D9B8EB-1E53-43C8-B9AA-A7B0DE27F6AA}.Debug|Any CPU.ActiveCfg = Debug|Any CPU
		{66D9B8EB-1E53-43C8-B9AA-A7B0DE27F6AA}.Debug|Any CPU.Build.0 = Debug|Any CPU
		{66D9B8EB-1E53-43C8-B9AA-A7B0DE27F6AA}.Debug|x64.ActiveCfg = Debug|Any CPU
		{66D9B8EB-1E53-43C8-B9AA-A7B0DE27F6AA}.Debug|x64.Build.0 = Debug|Any CPU
		{66D9B8EB-1E53-43C8-B9AA-A7B0DE27F6AA}.Debug|x86.ActiveCfg = Debug|Any CPU
		{66D9B8EB-1E53-43C8-B9AA-A7B0DE27F6AA}.Debug|x86.Build.0 = Debug|Any CPU
		{66D9B8EB-1E53-43C8-B9AA-A7B0DE27F6AA}.Release|Any CPU.ActiveCfg = Release|Any CPU
		{66D9B8EB-1E53-43C8-B9AA-A7B0DE27F6AA}.Release|Any CPU.Build.0 = Release|Any CPU
		{66D9B8EB-1E53-43C8-B9AA-A7B0DE27F6AA}.Release|x64.ActiveCfg = Release|Any CPU
		{66D9B8EB-1E53-43C8-B9AA-A7B0DE27F6AA}.Release|x64.Build.0 = Release|Any CPU
		{66D9B8EB-1E53-43C8-B9AA-A7B0DE27F6AA}.Release|x86.ActiveCfg = Release|Any CPU
		{66D9B8EB-1E53-43C8-B9AA-A7B0DE27F6AA}.Release|x86.Build.0 = Release|Any CPU
		{CD67B8C9-AD83-4454-AA7D-9108674D2F98}.Debug|Any CPU.ActiveCfg = Debug|Any CPU
		{CD67B8C9-AD83-4454-AA7D-9108674D2F98}.Debug|Any CPU.Build.0 = Debug|Any CPU
		{CD67B8C9-AD83-4454-AA7D-9108674D2F98}.Debug|x64.ActiveCfg = Debug|Any CPU
		{CD67B8C9-AD83-4454-AA7D-9108674D2F98}.Debug|x64.Build.0 = Debug|Any CPU
		{CD67B8C9-AD83-4454-AA7D-9108674D2F98}.Debug|x86.ActiveCfg = Debug|Any CPU
		{CD67B8C9-AD83-4454-AA7D-9108674D2F98}.Debug|x86.Build.0 = Debug|Any CPU
		{CD67B8C9-AD83-4454-AA7D-9108674D2F98}.Release|Any CPU.ActiveCfg = Release|Any CPU
		{CD67B8C9-AD83-4454-AA7D-9108674D2F98}.Release|Any CPU.Build.0 = Release|Any CPU
		{CD67B8C9-AD83-4454-AA7D-9108674D2F98}.Release|x64.ActiveCfg = Release|Any CPU
		{CD67B8C9-AD83-4454-AA7D-9108674D2F98}.Release|x64.Build.0 = Release|Any CPU
		{CD67B8C9-AD83-4454-AA7D-9108674D2F98}.Release|x86.ActiveCfg = Release|Any CPU
		{CD67B8C9-AD83-4454-AA7D-9108674D2F98}.Release|x86.Build.0 = Release|Any CPU
		{3797F922-489B-4168-9D2D-A66986773090}.Debug|Any CPU.ActiveCfg = Debug|Any CPU
		{3797F922-489B-4168-9D2D-A66986773090}.Debug|Any CPU.Build.0 = Debug|Any CPU
		{3797F922-489B-4168-9D2D-A66986773090}.Debug|x64.ActiveCfg = Debug|Any CPU
		{3797F922-489B-4168-9D2D-A66986773090}.Debug|x64.Build.0 = Debug|Any CPU
		{3797F922-489B-4168-9D2D-A66986773090}.Debug|x86.ActiveCfg = Debug|Any CPU
		{3797F922-489B-4168-9D2D-A66986773090}.Debug|x86.Build.0 = Debug|Any CPU
		{3797F922-489B-4168-9D2D-A66986773090}.Release|Any CPU.ActiveCfg = Release|Any CPU
		{3797F922-489B-4168-9D2D-A66986773090}.Release|Any CPU.Build.0 = Release|Any CPU
		{3797F922-489B-4168-9D2D-A66986773090}.Release|x64.ActiveCfg = Release|Any CPU
		{3797F922-489B-4168-9D2D-A66986773090}.Release|x64.Build.0 = Release|Any CPU
		{3797F922-489B-4168-9D2D-A66986773090}.Release|x86.ActiveCfg = Release|Any CPU
		{3797F922-489B-4168-9D2D-A66986773090}.Release|x86.Build.0 = Release|Any CPU
	EndGlobalSection
	GlobalSection(SolutionProperties) = preSolution
		HideSolutionNode = FALSE
	EndGlobalSection
	GlobalSection(ExtensibilityGlobals) = postSolution
		SolutionGuid = {0D66CD27-7F95-4D67-8BF0-A3C22D0389B0}
	EndGlobalSection
EndGlobal
